
Microsoft Visual Studio Solution File, Format Version 12.00
# Visual Studio Version 17
VisualStudioVersion = 17.9.34723.18
MinimumVisualStudioVersion = 10.0.40219.1
Project("{FAE04EC0-301F-11D3-BF4B-00C04F79EFBC}") = "PH53213_ASSIGNMENT_PRL", "PH53213_ASSIGNMENT_PRL.csproj", "{783FC351-5252-488E-A8DA-76674CAC6451}"
EndProject
Project("{FAE04EC0-301F-11D3-BF4B-00C04F79EFBC}") = "DAL_PH53213", "..\DAL_PH53213\DAL_PH53213.csproj", "{D415FA46-A8C9-4929-913C-5578C7E1F7FC}"
EndProject
Project("{FAE04EC0-301F-11D3-BF4B-00C04F79EFBC}") = "BUS_PH53213", "..\BUS_PH53213\BUS_PH53213.csproj", "{CA9E158C-8F2C-4907-853B-531855ACF0C1}"
EndProject
Global
	GlobalSection(SolutionConfigurationPlatforms) = preSolution
		Debug|Any CPU = Debug|Any CPU
		Release|Any CPU = Release|Any CPU
	EndGlobalSection
	GlobalSection(ProjectConfigurationPlatforms) = postSolution
		{783FC351-5252-488E-A8DA-76674CAC6451}.Debug|Any CPU.ActiveCfg = Debug|Any CPU
		{783FC351-5252-488E-A8DA-76674CAC6451}.Debug|Any CPU.Build.0 = Debug|Any CPU
		{783FC351-5252-488E-A8DA-76674CAC6451}.Release|Any CPU.ActiveCfg = Release|Any CPU
		{783FC351-5252-488E-A8DA-76674CAC6451}.Release|Any CPU.Build.0 = Release|Any CPU
		{D415FA46-A8C9-4929-913C-5578C7E1F7FC}.Debug|Any CPU.ActiveCfg = Debug|Any CPU
		{D415FA46-A8C9-4929-913C-5578C7E1F7FC}.Debug|Any CPU.Build.0 = Debug|Any CPU
		{D415FA46-A8C9-4929-913C-5578C7E1F7FC}.Release|Any CPU.ActiveCfg = Release|Any CPU
		{D415FA46-A8C9-4929-913C-5578C7E1F7FC}.Release|Any CPU.Build.0 = Release|Any CPU
		{CA9E158C-8F2C-4907-853B-531855ACF0C1}.Debug|Any CPU.ActiveCfg = Debug|Any CPU
		{CA9E158C-8F2C-4907-853B-531855ACF0C1}.Debug|Any CPU.Build.0 = Debug|Any CPU
		{CA9E158C-8F2C-4907-853B-531855ACF0C1}.Release|Any CPU.ActiveCfg = Release|Any CPU
		{CA9E158C-8F2C-4907-853B-531855ACF0C1}.Release|Any CPU.Build.0 = Release|Any CPU
	EndGlobalSection
	GlobalSection(SolutionProperties) = preSolution
		HideSolutionNode = FALSE
	EndGlobalSection
	GlobalSection(ExtensibilityGlobals) = postSolution
		SolutionGuid = {C039B2B8-C234-46FE-8D26-8F4B8FF87652}
	EndGlobalSection
EndGlobal
